
Microsoft Visual Studio Solution File, Format Version 12.00
# Visual Studio Version 17
VisualStudioVersion = 17.5.33414.496
MinimumVisualStudioVersion = 10.0.40219.1
Project("{9A19103F-16F7-4668-BE54-9A1E7A4F7556}") = "restaurante-web-app", "restaurante-web-app.csproj", "{588CA421-BF68-4AF3-A859-4568B85F4691}"
EndProject
Global
	GlobalSection(SolutionConfigurationPlatforms) = preSolution
		Debug|Any CPU = Debug|Any CPU
		Release|Any CPU = Release|Any CPU
	EndGlobalSection
	GlobalSection(ProjectConfigurationPlatforms) = postSolution
		{588CA421-BF68-4AF3-A859-4568B85F4691}.Debug|Any CPU.ActiveCfg = Debug|Any CPU
		{588CA421-BF68-4AF3-A859-4568B85F4691}.Debug|Any CPU.Build.0 = Debug|Any CPU
		{588CA421-BF68-4AF3-A859-4568B85F4691}.Release|Any CPU.ActiveCfg = Release|Any CPU
		{588CA421-BF68-4AF3-A859-4568B85F4691}.Release|Any CPU.Build.0 = Release|Any CPU
	EndGlobalSection
	GlobalSection(SolutionProperties) = preSolution
		HideSolutionNode = FALSE
	EndGlobalSection
	GlobalSection(ExtensibilityGlobals) = postSolution
		SolutionGuid = {0850383D-61AD-491E-B4D0-C6C8DF72CC67}
	EndGlobalSection
EndGlobal
